{
	"name": "tjsilv",
	"version": "1.0.0",
	"lockfileVersion": 1,
	"requires": true,
	"dependencies": {
		"@types/is-string": {
			"version": "1.0.0",
			"resolved": "https://registry.npmjs.org/@types/is-string/-/is-string-1.0.0.tgz",
			"integrity": "sha512-kSMxiEVGlNF1eJhTaCQ/Y1EvWJNu64AeK6OQOIgy1XX52WPUahnXKKglI7gdv0/Q9VGNI9J15d5vyn1yhjaHHg==",
			"dev": true
		},
		"is-string": {
			"version": "1.0.7",
			"requires": {
				"has-tostringtag": "^1.0.0"
			},
			"dependencies": {
				"has-symbols": {
					"version": "1.0.3",
					"resolved": "https://registry.npmjs.org/has-symbols/-/has-symbols-1.0.3.tgz",
					"integrity": "sha512-l3LCuF6MgDNwTDKkdYGEihYjt5pRPbEg46rtlmnSPlUbgmB8LOIrKJbYYFBSbnPaJexMKtiPO8hmeRjRz2Td+A=="
				},
				"has-tostringtag": {
					"version": "1.0.0",
					"resolved": "https://registry.npmjs.org/has-tostringtag/-/has-tostringtag-1.0.0.tgz",
					"integrity": "sha512-kFjcSNhnlGV1kyoGk7OXKSawH5JOb/LzUc5w9B02hOTO0dfFRjbHQKvg1d6cf3HbeUmtU9VbbV3qzZ2Teh97WQ==",
					"requires": {
						"has-symbols": "^1.0.2"
					}
				}
			}
		}
	}
}
