{
	"name": "@guardian/newsletter-types",
	"version": "0.0.0",
	"lockfileVersion": 3,
	"requires": true,
	"packages": {
		"": {
			"name": "@guardian/newsletter-types",
			"version": "0.0.0",
			"devDependencies": {
				"tslib": "2.5.3",
				"typescript": "5.1.3"
			},
			"peerDependencies": {
				"tslib": "^2.5.3",
				"typescript": "~5.1.3"
			},
			"peerDependenciesMeta": {
				"typescript": {
					"optional": true
				}
			}
		},
		"node_modules/tslib": {
			"version": "2.5.3",
			"resolved": "https://registry.npmjs.org/tslib/-/tslib-2.5.3.tgz",
			"integrity": "sha512-mSxlJJwl3BMEQCUNnxXBU9jP4JBktcEGhURcPR6VQVlnP0FdDEsIaz0C35dXNGLyRfrATNofF0F5p2KPxQgB+w==",
			"dev": true
		},
		"node_modules/typescript": {
			"version": "5.1.3",
			"resolved": "https://registry.npmjs.org/typescript/-/typescript-5.1.3.tgz",
			"integrity": "sha512-XH627E9vkeqhlZFQuL+UsyAXEnibT0kWR2FWONlr4sTjvxyJYnyefgrkyECLzM5NenmKzRAy2rR/OlYLA1HkZw==",
			"dev": true,
			"bin": {
				"tsc": "bin/tsc",
				"tsserver": "bin/tsserver"
			},
			"engines": {
				"node": ">=14.17"
			}
		}
	}
}
